
Microsoft Visual Studio Solution File, Format Version 12.00
# Visual Studio 14
VisualStudioVersion = 14.0.25420.1
MinimumVisualStudioVersion = 10.0.40219.1
Project("{FAE04EC0-301F-11D3-BF4B-00C04F79EFBC}") = "HNA-UI", "HNA-UI\HNA-UI.csproj", "{2A84F853-6B0E-4541-BC3B-8EE30E218259}"
EndProject
Project("{FAE04EC0-301F-11D3-BF4B-00C04F79EFBC}") = "WindowsServiceCS", "WindowsService\WindowsServiceCS\WindowsServiceCS.csproj", "{A83430C4-A230-4CF5-817A-38DBE150BE7E}"
EndProject
Global
	GlobalSection(SolutionConfigurationPlatforms) = preSolution
		Debug|Any CPU = Debug|Any CPU
		Debug|x86 = Debug|x86
		Release|Any CPU = Release|Any CPU
		Release|x86 = Release|x86
	EndGlobalSection
	GlobalSection(ProjectConfigurationPlatforms) = postSolution
		{2A84F853-6B0E-4541-BC3B-8EE30E218259}.Debug|Any CPU.ActiveCfg = Debug|Any CPU
		{2A84F853-6B0E-4541-BC3B-8EE30E218259}.Debug|Any CPU.Build.0 = Debug|Any CPU
		{2A84F853-6B0E-4541-BC3B-8EE30E218259}.Debug|x86.ActiveCfg = Debug|Any CPU
		{2A84F853-6B0E-4541-BC3B-8EE30E218259}.Debug|x86.Build.0 = Debug|Any CPU
		{2A84F853-6B0E-4541-BC3B-8EE30E218259}.Release|Any CPU.ActiveCfg = Release|Any CPU
		{2A84F853-6B0E-4541-BC3B-8EE30E218259}.Release|Any CPU.Build.0 = Release|Any CPU
		{2A84F853-6B0E-4541-BC3B-8EE30E218259}.Release|x86.ActiveCfg = Release|Any CPU
		{2A84F853-6B0E-4541-BC3B-8EE30E218259}.Release|x86.Build.0 = Release|Any CPU
		{A83430C4-A230-4CF5-817A-38DBE150BE7E}.Debug|Any CPU.ActiveCfg = Debug|x86
		{A83430C4-A230-4CF5-817A-38DBE150BE7E}.Debug|x86.ActiveCfg = Debug|x86
		{A83430C4-A230-4CF5-817A-38DBE150BE7E}.Debug|x86.Build.0 = Debug|x86
		{A83430C4-A230-4CF5-817A-38DBE150BE7E}.Release|Any CPU.ActiveCfg = Release|x86
		{A83430C4-A230-4CF5-817A-38DBE150BE7E}.Release|x86.ActiveCfg = Release|x86
		{A83430C4-A230-4CF5-817A-38DBE150BE7E}.Release|x86.Build.0 = Release|x86
	EndGlobalSection
	GlobalSection(SolutionProperties) = preSolution
		HideSolutionNode = FALSE
	EndGlobalSection
EndGlobal
